
Microsoft Visual Studio Solution File, Format Version 12.00
# Visual Studio 15
VisualStudioVersion = 15.0.26124.0
MinimumVisualStudioVersion = 15.0.26124.0
Project("{FAE04EC0-301F-11D3-BF4B-00C04F79EFBC}") = "PatchTest", "PatchTest\PatchTest.csproj", "{9C17E29C-DA9C-480B-8212-2FF571866C53}"
EndProject
Project("{FAE04EC0-301F-11D3-BF4B-00C04F79EFBC}") = "TargetTest", "TargetTest\TargetTest.csproj", "{D2766D79-EF7C-48E4-AB22-4B5EF7D885AF}"
EndProject
Project("{FAE04EC0-301F-11D3-BF4B-00C04F79EFBC}") = "SemiPatch", "SemiPatch\SemiPatch.csproj", "{DF53179B-C50C-48C5-BEF3-CEA5A34B90F2}"
EndProject
Project("{FAE04EC0-301F-11D3-BF4B-00C04F79EFBC}") = "SemiPatch.MonoMod", "SemiPatch.MonoMod\SemiPatch.MonoMod.csproj", "{B45CF487-A818-47DA-8180-2687264F043F}"
EndProject
Project("{FAE04EC0-301F-11D3-BF4B-00C04F79EFBC}") = "SemiPatch.Compiler", "SemiPatch.Compiler\SemiPatch.Compiler.csproj", "{1FCD37E9-389D-4C59-A117-B0BDA708A3E8}"
EndProject
Project("{FAE04EC0-301F-11D3-BF4B-00C04F79EFBC}") = "SemiPatch.Test", "SemiPatch.Test\SemiPatch.Test.csproj", "{FC470A49-D9DB-4083-83DE-497129A0B861}"
EndProject
Global
	GlobalSection(SolutionConfigurationPlatforms) = preSolution
		Debug|Any CPU = Debug|Any CPU
		Debug|x64 = Debug|x64
		Debug|x86 = Debug|x86
		Release|Any CPU = Release|Any CPU
		Release|x64 = Release|x64
		Release|x86 = Release|x86
	EndGlobalSection
	GlobalSection(SolutionProperties) = preSolution
		HideSolutionNode = FALSE
	EndGlobalSection
	GlobalSection(ProjectConfigurationPlatforms) = postSolution
		{9C17E29C-DA9C-480B-8212-2FF571866C53}.Debug|Any CPU.ActiveCfg = Debug|Any CPU
		{9C17E29C-DA9C-480B-8212-2FF571866C53}.Debug|Any CPU.Build.0 = Debug|Any CPU
		{9C17E29C-DA9C-480B-8212-2FF571866C53}.Debug|x64.ActiveCfg = Debug|Any CPU
		{9C17E29C-DA9C-480B-8212-2FF571866C53}.Debug|x64.Build.0 = Debug|Any CPU
		{9C17E29C-DA9C-480B-8212-2FF571866C53}.Debug|x86.ActiveCfg = Debug|Any CPU
		{9C17E29C-DA9C-480B-8212-2FF571866C53}.Debug|x86.Build.0 = Debug|Any CPU
		{9C17E29C-DA9C-480B-8212-2FF571866C53}.Release|Any CPU.ActiveCfg = Release|Any CPU
		{9C17E29C-DA9C-480B-8212-2FF571866C53}.Release|Any CPU.Build.0 = Release|Any CPU
		{9C17E29C-DA9C-480B-8212-2FF571866C53}.Release|x64.ActiveCfg = Release|Any CPU
		{9C17E29C-DA9C-480B-8212-2FF571866C53}.Release|x64.Build.0 = Release|Any CPU
		{9C17E29C-DA9C-480B-8212-2FF571866C53}.Release|x86.ActiveCfg = Release|Any CPU
		{9C17E29C-DA9C-480B-8212-2FF571866C53}.Release|x86.Build.0 = Release|Any CPU
		{D2766D79-EF7C-48E4-AB22-4B5EF7D885AF}.Debug|Any CPU.ActiveCfg = Debug|Any CPU
		{D2766D79-EF7C-48E4-AB22-4B5EF7D885AF}.Debug|Any CPU.Build.0 = Debug|Any CPU
		{D2766D79-EF7C-48E4-AB22-4B5EF7D885AF}.Debug|x64.ActiveCfg = Debug|Any CPU
		{D2766D79-EF7C-48E4-AB22-4B5EF7D885AF}.Debug|x64.Build.0 = Debug|Any CPU
		{D2766D79-EF7C-48E4-AB22-4B5EF7D885AF}.Debug|x86.ActiveCfg = Debug|Any CPU
		{D2766D79-EF7C-48E4-AB22-4B5EF7D885AF}.Debug|x86.Build.0 = Debug|Any CPU
		{D2766D79-EF7C-48E4-AB22-4B5EF7D885AF}.Release|Any CPU.ActiveCfg = Release|Any CPU
		{D2766D79-EF7C-48E4-AB22-4B5EF7D885AF}.Release|Any CPU.Build.0 = Release|Any CPU
		{D2766D79-EF7C-48E4-AB22-4B5EF7D885AF}.Release|x64.ActiveCfg = Release|Any CPU
		{D2766D79-EF7C-48E4-AB22-4B5EF7D885AF}.Release|x64.Build.0 = Release|Any CPU
		{D2766D79-EF7C-48E4-AB22-4B5EF7D885AF}.Release|x86.ActiveCfg = Release|Any CPU
		{D2766D79-EF7C-48E4-AB22-4B5EF7D885AF}.Release|x86.Build.0 = Release|Any CPU
		{DF53179B-C50C-48C5-BEF3-CEA5A34B90F2}.Debug|Any CPU.ActiveCfg = Debug|Any CPU
		{DF53179B-C50C-48C5-BEF3-CEA5A34B90F2}.Debug|Any CPU.Build.0 = Debug|Any CPU
		{DF53179B-C50C-48C5-BEF3-CEA5A34B90F2}.Debug|x64.ActiveCfg = Debug|Any CPU
		{DF53179B-C50C-48C5-BEF3-CEA5A34B90F2}.Debug|x64.Build.0 = Debug|Any CPU
		{DF53179B-C50C-48C5-BEF3-CEA5A34B90F2}.Debug|x86.ActiveCfg = Debug|Any CPU
		{DF53179B-C50C-48C5-BEF3-CEA5A34B90F2}.Debug|x86.Build.0 = Debug|Any CPU
		{DF53179B-C50C-48C5-BEF3-CEA5A34B90F2}.Release|Any CPU.ActiveCfg = Release|Any CPU
		{DF53179B-C50C-48C5-BEF3-CEA5A34B90F2}.Release|Any CPU.Build.0 = Release|Any CPU
		{DF53179B-C50C-48C5-BEF3-CEA5A34B90F2}.Release|x64.ActiveCfg = Release|Any CPU
		{DF53179B-C50C-48C5-BEF3-CEA5A34B90F2}.Release|x64.Build.0 = Release|Any CPU
		{DF53179B-C50C-48C5-BEF3-CEA5A34B90F2}.Release|x86.ActiveCfg = Release|Any CPU
		{DF53179B-C50C-48C5-BEF3-CEA5A34B90F2}.Release|x86.Build.0 = Release|Any CPU
		{B45CF487-A818-47DA-8180-2687264F043F}.Debug|Any CPU.ActiveCfg = Debug|Any CPU
		{B45CF487-A818-47DA-8180-2687264F043F}.Debug|Any CPU.Build.0 = Debug|Any CPU
		{B45CF487-A818-47DA-8180-2687264F043F}.Debug|x64.ActiveCfg = Debug|Any CPU
		{B45CF487-A818-47DA-8180-2687264F043F}.Debug|x64.Build.0 = Debug|Any CPU
		{B45CF487-A818-47DA-8180-2687264F043F}.Debug|x86.ActiveCfg = Debug|Any CPU
		{B45CF487-A818-47DA-8180-2687264F043F}.Debug|x86.Build.0 = Debug|Any CPU
		{B45CF487-A818-47DA-8180-2687264F043F}.Release|Any CPU.ActiveCfg = Release|Any CPU
		{B45CF487-A818-47DA-8180-2687264F043F}.Release|Any CPU.Build.0 = Release|Any CPU
		{B45CF487-A818-47DA-8180-2687264F043F}.Release|x64.ActiveCfg = Release|Any CPU
		{B45CF487-A818-47DA-8180-2687264F043F}.Release|x64.Build.0 = Release|Any CPU
		{B45CF487-A818-47DA-8180-2687264F043F}.Release|x86.ActiveCfg = Release|Any CPU
		{B45CF487-A818-47DA-8180-2687264F043F}.Release|x86.Build.0 = Release|Any CPU
		{1FCD37E9-389D-4C59-A117-B0BDA708A3E8}.Debug|Any CPU.ActiveCfg = Debug|Any CPU
		{1FCD37E9-389D-4C59-A117-B0BDA708A3E8}.Debug|Any CPU.Build.0 = Debug|Any CPU
		{1FCD37E9-389D-4C59-A117-B0BDA708A3E8}.Debug|x64.ActiveCfg = Debug|Any CPU
		{1FCD37E9-389D-4C59-A117-B0BDA708A3E8}.Debug|x64.Build.0 = Debug|Any CPU
		{1FCD37E9-389D-4C59-A117-B0BDA708A3E8}.Debug|x86.ActiveCfg = Debug|Any CPU
		{1FCD37E9-389D-4C59-A117-B0BDA708A3E8}.Debug|x86.Build.0 = Debug|Any CPU
		{1FCD37E9-389D-4C59-A117-B0BDA708A3E8}.Release|Any CPU.ActiveCfg = Release|Any CPU
		{1FCD37E9-389D-4C59-A117-B0BDA708A3E8}.Release|Any CPU.Build.0 = Release|Any CPU
		{1FCD37E9-389D-4C59-A117-B0BDA708A3E8}.Release|x64.ActiveCfg = Release|Any CPU
		{1FCD37E9-389D-4C59-A117-B0BDA708A3E8}.Release|x64.Build.0 = Release|Any CPU
		{1FCD37E9-389D-4C59-A117-B0BDA708A3E8}.Release|x86.ActiveCfg = Release|Any CPU
		{1FCD37E9-389D-4C59-A117-B0BDA708A3E8}.Release|x86.Build.0 = Release|Any CPU
		{FC470A49-D9DB-4083-83DE-497129A0B861}.Debug|Any CPU.ActiveCfg = Debug|Any CPU
		{FC470A49-D9DB-4083-83DE-497129A0B861}.Debug|Any CPU.Build.0 = Debug|Any CPU
		{FC470A49-D9DB-4083-83DE-497129A0B861}.Debug|x64.ActiveCfg = Debug|Any CPU
		{FC470A49-D9DB-4083-83DE-497129A0B861}.Debug|x64.Build.0 = Debug|Any CPU
		{FC470A49-D9DB-4083-83DE-497129A0B861}.Debug|x86.ActiveCfg = Debug|Any CPU
		{FC470A49-D9DB-4083-83DE-497129A0B861}.Debug|x86.Build.0 = Debug|Any CPU
		{FC470A49-D9DB-4083-83DE-497129A0B861}.Release|Any CPU.ActiveCfg = Release|Any CPU
		{FC470A49-D9DB-4083-83DE-497129A0B861}.Release|Any CPU.Build.0 = Release|Any CPU
		{FC470A49-D9DB-4083-83DE-497129A0B861}.Release|x64.ActiveCfg = Release|Any CPU
		{FC470A49-D9DB-4083-83DE-497129A0B861}.Release|x64.Build.0 = Release|Any CPU
		{FC470A49-D9DB-4083-83DE-497129A0B861}.Release|x86.ActiveCfg = Release|Any CPU
		{FC470A49-D9DB-4083-83DE-497129A0B861}.Release|x86.Build.0 = Release|Any CPU
	EndGlobalSection
EndGlobal
